
Microsoft Visual Studio Solution File, Format Version 12.00
# Visual Studio Version 17
VisualStudioVersion = 17.5.002.0
MinimumVisualStudioVersion = 10.0.40219.1
Project("{9A19103F-16F7-4668-BE54-9A1E7A4F7556}") = "netcore-api", "netcore-api.csproj", "{E86D4638-4158-419F-8214-A9A4FFB1A14C}"
EndProject
Project("{FAE04EC0-301F-11D3-BF4B-00C04F79EFBC}") = "netcore-api-minimal", "..\netcore-api-minimal\netcore-api-minimal.csproj", "{49950550-967C-4D51-A6EB-43C49E330090}"
EndProject
Global
	GlobalSection(SolutionConfigurationPlatforms) = preSolution
		Debug|Any CPU = Debug|Any CPU
		Release|Any CPU = Release|Any CPU
	EndGlobalSection
	GlobalSection(ProjectConfigurationPlatforms) = postSolution
		{E86D4638-4158-419F-8214-A9A4FFB1A14C}.Debug|Any CPU.ActiveCfg = Debug|Any CPU
		{E86D4638-4158-419F-8214-A9A4FFB1A14C}.Debug|Any CPU.Build.0 = Debug|Any CPU
		{E86D4638-4158-419F-8214-A9A4FFB1A14C}.Release|Any CPU.ActiveCfg = Release|Any CPU
		{E86D4638-4158-419F-8214-A9A4FFB1A14C}.Release|Any CPU.Build.0 = Release|Any CPU
		{49950550-967C-4D51-A6EB-43C49E330090}.Debug|Any CPU.ActiveCfg = Debug|Any CPU
		{49950550-967C-4D51-A6EB-43C49E330090}.Debug|Any CPU.Build.0 = Debug|Any CPU
		{49950550-967C-4D51-A6EB-43C49E330090}.Release|Any CPU.ActiveCfg = Release|Any CPU
		{49950550-967C-4D51-A6EB-43C49E330090}.Release|Any CPU.Build.0 = Release|Any CPU
	EndGlobalSection
	GlobalSection(SolutionProperties) = preSolution
		HideSolutionNode = FALSE
	EndGlobalSection
	GlobalSection(ExtensibilityGlobals) = postSolution
		SolutionGuid = {FC10A151-BE60-48EB-B222-C8F6D4AB425C}
	EndGlobalSection
EndGlobal
